
Microsoft Visual Studio Solution File, Format Version 12.00
# Visual Studio Version 17
VisualStudioVersion = 17.11.35312.102
MinimumVisualStudioVersion = 10.0.40219.1
Project("{9A19103F-16F7-4668-BE54-9A1E7A4F7556}") = "CSharp12", "CSharp12\CSharp12.csproj", "{84CD5273-64F2-4C75-92F8-DF8E8C934289}"
EndProject
Project("{2150E333-8FDC-42A3-9474-1A3956D46DE8}") = "EFCore8", "EFCore8", "{7BE2DF46-34B9-4B3A-9AFA-10D9FE7A76DC}"
EndProject
Project("{9A19103F-16F7-4668-BE54-9A1E7A4F7556}") = "Demo4_RawSql", "EFCore8\Demo4_RawSql\Demo4_RawSql.csproj", "{7CEE8EE4-0F8D-4D90-8D29-CDA047C971ED}"
EndProject
Project("{9A19103F-16F7-4668-BE54-9A1E7A4F7556}") = "Demo1_ValueTypes", "EFCore8\Demo1_ValueTypes\Demo1_ValueTypes.csproj", "{043B3A6E-0301-4E7A-8E99-6A91655865B9}"
EndProject
Project("{9A19103F-16F7-4668-BE54-9A1E7A4F7556}") = "Demo2_JsonColumns", "EFCore8\Demo2_JsonColumns\Demo2_JsonColumns.csproj", "{A0856DD1-92B6-4D63-B2C4-ECB6FFF3CCEC}"
EndProject
Project("{9A19103F-16F7-4668-BE54-9A1E7A4F7556}") = "Demo3_HierarchyId", "EFCore8\Demo3_HierarchyId\Demo3_HierarchyId.csproj", "{10CB536C-4E1C-4F97-8D06-0EB9830A246D}"
EndProject
Project("{2150E333-8FDC-42A3-9474-1A3956D46DE8}") = "Aspire", "Aspire", "{5EECDCE4-2514-4DBE-8AD5-553E1E61CE43}"
EndProject
Project("{9A19103F-16F7-4668-BE54-9A1E7A4F7556}") = "AspireApp.AppHost", "Aspire\AspireApp\AspireApp.AppHost\AspireApp.AppHost.csproj", "{83B231DE-406D-494E-AADF-C87922C1F734}"
EndProject
Project("{9A19103F-16F7-4668-BE54-9A1E7A4F7556}") = "AspireApp.ServiceDefaults", "Aspire\AspireApp\AspireApp.ServiceDefaults\AspireApp.ServiceDefaults.csproj", "{FCB6A1C9-A274-4456-B916-21D2B7D1385E}"
EndProject
Project("{9A19103F-16F7-4668-BE54-9A1E7A4F7556}") = "AspireApp.ApiService", "Aspire\AspireApp\AspireApp.ApiService\AspireApp.ApiService.csproj", "{9B7F2F58-3E85-4BEC-BC81-12D6E3397CE5}"
EndProject
Project("{9A19103F-16F7-4668-BE54-9A1E7A4F7556}") = "AspireApp.Web", "Aspire\AspireApp\AspireApp.Web\AspireApp.Web.csproj", "{0D71A4CD-D6AD-477C-832C-372E51641A79}"
EndProject
Project("{9A19103F-16F7-4668-BE54-9A1E7A4F7556}") = "AspireApp.Tests", "Aspire\AspireApp\AspireApp.Tests\AspireApp.Tests.csproj", "{2DF4CAE8-72C7-482D-966F-E3F44253D9AF}"
EndProject
Project("{2150E333-8FDC-42A3-9474-1A3956D46DE8}") = "BlazorWebApp", "BlazorWebApp", "{7FEBEDA4-32F4-4C1A-AFE3-B5F0550ACA9A}"
EndProject
Project("{2150E333-8FDC-42A3-9474-1A3956D46DE8}") = "BlazorHybrid", "BlazorHybrid", "{79EA1020-C22E-4B23-BA30-C4B97CF1DD08}"
EndProject
Project("{9A19103F-16F7-4668-BE54-9A1E7A4F7556}") = "BlazorWebApp", "BlazorWebApp\BlazorWebApp\BlazorWebApp\BlazorWebApp.csproj", "{A614BF97-A8D0-46B7-BE37-AB5B37252383}"
EndProject
Project("{9A19103F-16F7-4668-BE54-9A1E7A4F7556}") = "BlazorWebApp.Client", "BlazorWebApp\BlazorWebApp\BlazorWebApp.Client\BlazorWebApp.Client.csproj", "{3D352444-8027-4360-9A3C-008E9E29545A}"
EndProject
Project("{2150E333-8FDC-42A3-9474-1A3956D46DE8}") = "MinimalAPIs", "MinimalAPIs", "{A5A48A3B-5928-4C2B-AE65-03605BE0E3E4}"
EndProject
Project("{9A19103F-16F7-4668-BE54-9A1E7A4F7556}") = "DemoMinimalAPIs", "MinimalAPIs\DemoMinimalAPIs\DemoMinimalAPIs.csproj", "{BF4A91EB-B70D-4D98-9E17-DAB112142601}"
EndProject
Project("{2150E333-8FDC-42A3-9474-1A3956D46DE8}") = "Runtime", "Runtime", "{97E08606-7489-49DB-BFB6-E8A6898E3AA0}"
EndProject
Project("{9A19103F-16F7-4668-BE54-9A1E7A4F7556}") = "TimeAbstraction", "Runtime\TimeAbstraction\TimeAbstraction.csproj", "{F6BCBECB-73D0-4AAD-9181-562E92DE3CA4}"
EndProject
Project("{9A19103F-16F7-4668-BE54-9A1E7A4F7556}") = "Randomness", "Runtime\Randomness\Randomness.csproj", "{131FAC2D-BFE1-4BE0-A4EF-CA189A2229E4}"
EndProject
Project("{9A19103F-16F7-4668-BE54-9A1E7A4F7556}") = "UnsafeAccessor", "Runtime\UnsafeAccessor\UnsafeAccessor.csproj", "{B6845BF0-352C-4C4F-AECE-F5040C026886}"
EndProject
Project("{9A19103F-16F7-4668-BE54-9A1E7A4F7556}") = "DemoMauiBlazorHybridApp", "BlazorHybrid\DemoMauiBlazorHybridApp\DemoMauiBlazorHybridApp.csproj", "{6F6E9DB9-47C5-452C-8EA1-13146CD6A2B4}"
EndProject
Project("{2150E333-8FDC-42A3-9474-1A3956D46DE8}") = "CoffeeBrowser", "CoffeeBrowser", "{2DF0FEB2-DBF1-4DF9-95FE-F28CA557F068}"
EndProject
Project("{9A19103F-16F7-4668-BE54-9A1E7A4F7556}") = "CoffeeBrowser.Library", "BlazorHybrid\CoffeeBrowser\CoffeeBrowser.Library\CoffeeBrowser.Library.csproj", "{C97E863F-771D-46A2-9115-8C85B5293CF6}"
EndProject
Project("{9A19103F-16F7-4668-BE54-9A1E7A4F7556}") = "CoffeeBrowser.BlazorWeb", "BlazorHybrid\CoffeeBrowser\CoffeeBrowser.BlazorWeb\CoffeeBrowser.BlazorWeb.csproj", "{00135030-C1F6-47F4-A382-D380AD475EA6}"
EndProject
Project("{9A19103F-16F7-4668-BE54-9A1E7A4F7556}") = "CoffeeBrowser.Maui", "BlazorHybrid\CoffeeBrowser\CoffeeBrowser.Maui\CoffeeBrowser.Maui.csproj", "{95C46579-F43B-48F4-8188-954B58397CE0}"
EndProject
Project("{9A19103F-16F7-4668-BE54-9A1E7A4F7556}") = "CoffeeBrowser.WinForms", "BlazorHybrid\CoffeeBrowser\CoffeeBrowser.WinForms\CoffeeBrowser.WinForms.csproj", "{38062E54-9C2A-4E26-9C30-062FE95937B9}"
EndProject
Project("{9A19103F-16F7-4668-BE54-9A1E7A4F7556}") = "CoffeeBrowser.Wpf", "BlazorHybrid\CoffeeBrowser\CoffeeBrowser.Wpf\CoffeeBrowser.Wpf.csproj", "{91B83EF0-ABD3-4270-A014-E36EFAF62D0C}"
EndProject
Project("{FAE04EC0-301F-11D3-BF4B-00C04F79EFBC}") = "Demo5_SentinelValues", "EFCore8\Demo5_SentinelValues\Demo5_SentinelValues.csproj", "{75D94A8E-03CC-4B9F-BE34-05827A541E37}"
EndProject
Global
	GlobalSection(SolutionConfigurationPlatforms) = preSolution
		Debug|Any CPU = Debug|Any CPU
		Release|Any CPU = Release|Any CPU
	EndGlobalSection
	GlobalSection(ProjectConfigurationPlatforms) = postSolution
		{84CD5273-64F2-4C75-92F8-DF8E8C934289}.Debug|Any CPU.ActiveCfg = Debug|Any CPU
		{84CD5273-64F2-4C75-92F8-DF8E8C934289}.Debug|Any CPU.Build.0 = Debug|Any CPU
		{84CD5273-64F2-4C75-92F8-DF8E8C934289}.Release|Any CPU.ActiveCfg = Release|Any CPU
		{84CD5273-64F2-4C75-92F8-DF8E8C934289}.Release|Any CPU.Build.0 = Release|Any CPU
		{7CEE8EE4-0F8D-4D90-8D29-CDA047C971ED}.Debug|Any CPU.ActiveCfg = Debug|Any CPU
		{7CEE8EE4-0F8D-4D90-8D29-CDA047C971ED}.Debug|Any CPU.Build.0 = Debug|Any CPU
		{7CEE8EE4-0F8D-4D90-8D29-CDA047C971ED}.Release|Any CPU.ActiveCfg = Release|Any CPU
		{7CEE8EE4-0F8D-4D90-8D29-CDA047C971ED}.Release|Any CPU.Build.0 = Release|Any CPU
		{043B3A6E-0301-4E7A-8E99-6A91655865B9}.Debug|Any CPU.ActiveCfg = Debug|Any CPU
		{043B3A6E-0301-4E7A-8E99-6A91655865B9}.Debug|Any CPU.Build.0 = Debug|Any CPU
		{043B3A6E-0301-4E7A-8E99-6A91655865B9}.Release|Any CPU.ActiveCfg = Release|Any CPU
		{043B3A6E-0301-4E7A-8E99-6A91655865B9}.Release|Any CPU.Build.0 = Release|Any CPU
		{A0856DD1-92B6-4D63-B2C4-ECB6FFF3CCEC}.Debug|Any CPU.ActiveCfg = Debug|Any CPU
		{A0856DD1-92B6-4D63-B2C4-ECB6FFF3CCEC}.Debug|Any CPU.Build.0 = Debug|Any CPU
		{A0856DD1-92B6-4D63-B2C4-ECB6FFF3CCEC}.Release|Any CPU.ActiveCfg = Release|Any CPU
		{A0856DD1-92B6-4D63-B2C4-ECB6FFF3CCEC}.Release|Any CPU.Build.0 = Release|Any CPU
		{10CB536C-4E1C-4F97-8D06-0EB9830A246D}.Debug|Any CPU.ActiveCfg = Debug|Any CPU
		{10CB536C-4E1C-4F97-8D06-0EB9830A246D}.Debug|Any CPU.Build.0 = Debug|Any CPU
		{10CB536C-4E1C-4F97-8D06-0EB9830A246D}.Release|Any CPU.ActiveCfg = Release|Any CPU
		{10CB536C-4E1C-4F97-8D06-0EB9830A246D}.Release|Any CPU.Build.0 = Release|Any CPU
		{83B231DE-406D-494E-AADF-C87922C1F734}.Debug|Any CPU.ActiveCfg = Debug|Any CPU
		{83B231DE-406D-494E-AADF-C87922C1F734}.Debug|Any CPU.Build.0 = Debug|Any CPU
		{83B231DE-406D-494E-AADF-C87922C1F734}.Release|Any CPU.ActiveCfg = Release|Any CPU
		{83B231DE-406D-494E-AADF-C87922C1F734}.Release|Any CPU.Build.0 = Release|Any CPU
		{FCB6A1C9-A274-4456-B916-21D2B7D1385E}.Debug|Any CPU.ActiveCfg = Debug|Any CPU
		{FCB6A1C9-A274-4456-B916-21D2B7D1385E}.Debug|Any CPU.Build.0 = Debug|Any CPU
		{FCB6A1C9-A274-4456-B916-21D2B7D1385E}.Release|Any CPU.ActiveCfg = Release|Any CPU
		{FCB6A1C9-A274-4456-B916-21D2B7D1385E}.Release|Any CPU.Build.0 = Release|Any CPU
		{9B7F2F58-3E85-4BEC-BC81-12D6E3397CE5}.Debug|Any CPU.ActiveCfg = Debug|Any CPU
		{9B7F2F58-3E85-4BEC-BC81-12D6E3397CE5}.Debug|Any CPU.Build.0 = Debug|Any CPU
		{9B7F2F58-3E85-4BEC-BC81-12D6E3397CE5}.Release|Any CPU.ActiveCfg = Release|Any CPU
		{9B7F2F58-3E85-4BEC-BC81-12D6E3397CE5}.Release|Any CPU.Build.0 = Release|Any CPU
		{0D71A4CD-D6AD-477C-832C-372E51641A79}.Debug|Any CPU.ActiveCfg = Debug|Any CPU
		{0D71A4CD-D6AD-477C-832C-372E51641A79}.Debug|Any CPU.Build.0 = Debug|Any CPU
		{0D71A4CD-D6AD-477C-832C-372E51641A79}.Release|Any CPU.ActiveCfg = Release|Any CPU
		{0D71A4CD-D6AD-477C-832C-372E51641A79}.Release|Any CPU.Build.0 = Release|Any CPU
		{2DF4CAE8-72C7-482D-966F-E3F44253D9AF}.Debug|Any CPU.ActiveCfg = Debug|Any CPU
		{2DF4CAE8-72C7-482D-966F-E3F44253D9AF}.Debug|Any CPU.Build.0 = Debug|Any CPU
		{2DF4CAE8-72C7-482D-966F-E3F44253D9AF}.Release|Any CPU.ActiveCfg = Release|Any CPU
		{2DF4CAE8-72C7-482D-966F-E3F44253D9AF}.Release|Any CPU.Build.0 = Release|Any CPU
		{A614BF97-A8D0-46B7-BE37-AB5B37252383}.Debug|Any CPU.ActiveCfg = Debug|Any CPU
		{A614BF97-A8D0-46B7-BE37-AB5B37252383}.Debug|Any CPU.Build.0 = Debug|Any CPU
		{A614BF97-A8D0-46B7-BE37-AB5B37252383}.Release|Any CPU.ActiveCfg = Release|Any CPU
		{A614BF97-A8D0-46B7-BE37-AB5B37252383}.Release|Any CPU.Build.0 = Release|Any CPU
		{3D352444-8027-4360-9A3C-008E9E29545A}.Debug|Any CPU.ActiveCfg = Debug|Any CPU
		{3D352444-8027-4360-9A3C-008E9E29545A}.Debug|Any CPU.Build.0 = Debug|Any CPU
		{3D352444-8027-4360-9A3C-008E9E29545A}.Release|Any CPU.ActiveCfg = Release|Any CPU
		{3D352444-8027-4360-9A3C-008E9E29545A}.Release|Any CPU.Build.0 = Release|Any CPU
		{BF4A91EB-B70D-4D98-9E17-DAB112142601}.Debug|Any CPU.ActiveCfg = Debug|Any CPU
		{BF4A91EB-B70D-4D98-9E17-DAB112142601}.Debug|Any CPU.Build.0 = Debug|Any CPU
		{BF4A91EB-B70D-4D98-9E17-DAB112142601}.Release|Any CPU.ActiveCfg = Release|Any CPU
		{BF4A91EB-B70D-4D98-9E17-DAB112142601}.Release|Any CPU.Build.0 = Release|Any CPU
		{F6BCBECB-73D0-4AAD-9181-562E92DE3CA4}.Debug|Any CPU.ActiveCfg = Debug|Any CPU
		{F6BCBECB-73D0-4AAD-9181-562E92DE3CA4}.Debug|Any CPU.Build.0 = Debug|Any CPU
		{F6BCBECB-73D0-4AAD-9181-562E92DE3CA4}.Release|Any CPU.ActiveCfg = Release|Any CPU
		{F6BCBECB-73D0-4AAD-9181-562E92DE3CA4}.Release|Any CPU.Build.0 = Release|Any CPU
		{131FAC2D-BFE1-4BE0-A4EF-CA189A2229E4}.Debug|Any CPU.ActiveCfg = Debug|Any CPU
		{131FAC2D-BFE1-4BE0-A4EF-CA189A2229E4}.Debug|Any CPU.Build.0 = Debug|Any CPU
		{131FAC2D-BFE1-4BE0-A4EF-CA189A2229E4}.Release|Any CPU.ActiveCfg = Release|Any CPU
		{131FAC2D-BFE1-4BE0-A4EF-CA189A2229E4}.Release|Any CPU.Build.0 = Release|Any CPU
		{B6845BF0-352C-4C4F-AECE-F5040C026886}.Debug|Any CPU.ActiveCfg = Debug|Any CPU
		{B6845BF0-352C-4C4F-AECE-F5040C026886}.Debug|Any CPU.Build.0 = Debug|Any CPU
		{B6845BF0-352C-4C4F-AECE-F5040C026886}.Release|Any CPU.ActiveCfg = Release|Any CPU
		{B6845BF0-352C-4C4F-AECE-F5040C026886}.Release|Any CPU.Build.0 = Release|Any CPU
		{6F6E9DB9-47C5-452C-8EA1-13146CD6A2B4}.Debug|Any CPU.ActiveCfg = Debug|Any CPU
		{6F6E9DB9-47C5-452C-8EA1-13146CD6A2B4}.Debug|Any CPU.Build.0 = Debug|Any CPU
		{6F6E9DB9-47C5-452C-8EA1-13146CD6A2B4}.Debug|Any CPU.Deploy.0 = Debug|Any CPU
		{6F6E9DB9-47C5-452C-8EA1-13146CD6A2B4}.Release|Any CPU.ActiveCfg = Release|Any CPU
		{6F6E9DB9-47C5-452C-8EA1-13146CD6A2B4}.Release|Any CPU.Build.0 = Release|Any CPU
		{6F6E9DB9-47C5-452C-8EA1-13146CD6A2B4}.Release|Any CPU.Deploy.0 = Release|Any CPU
		{C97E863F-771D-46A2-9115-8C85B5293CF6}.Debug|Any CPU.ActiveCfg = Debug|Any CPU
		{C97E863F-771D-46A2-9115-8C85B5293CF6}.Debug|Any CPU.Build.0 = Debug|Any CPU
		{C97E863F-771D-46A2-9115-8C85B5293CF6}.Release|Any CPU.ActiveCfg = Release|Any CPU
		{C97E863F-771D-46A2-9115-8C85B5293CF6}.Release|Any CPU.Build.0 = Release|Any CPU
		{00135030-C1F6-47F4-A382-D380AD475EA6}.Debug|Any CPU.ActiveCfg = Debug|Any CPU
		{00135030-C1F6-47F4-A382-D380AD475EA6}.Debug|Any CPU.Build.0 = Debug|Any CPU
		{00135030-C1F6-47F4-A382-D380AD475EA6}.Release|Any CPU.ActiveCfg = Release|Any CPU
		{00135030-C1F6-47F4-A382-D380AD475EA6}.Release|Any CPU.Build.0 = Release|Any CPU
		{95C46579-F43B-48F4-8188-954B58397CE0}.Debug|Any CPU.ActiveCfg = Debug|Any CPU
		{95C46579-F43B-48F4-8188-954B58397CE0}.Debug|Any CPU.Build.0 = Debug|Any CPU
		{95C46579-F43B-48F4-8188-954B58397CE0}.Debug|Any CPU.Deploy.0 = Debug|Any CPU
		{95C46579-F43B-48F4-8188-954B58397CE0}.Release|Any CPU.ActiveCfg = Release|Any CPU
		{95C46579-F43B-48F4-8188-954B58397CE0}.Release|Any CPU.Build.0 = Release|Any CPU
		{95C46579-F43B-48F4-8188-954B58397CE0}.Release|Any CPU.Deploy.0 = Release|Any CPU
		{38062E54-9C2A-4E26-9C30-062FE95937B9}.Debug|Any CPU.ActiveCfg = Debug|Any CPU
		{38062E54-9C2A-4E26-9C30-062FE95937B9}.Debug|Any CPU.Build.0 = Debug|Any CPU
		{38062E54-9C2A-4E26-9C30-062FE95937B9}.Release|Any CPU.ActiveCfg = Release|Any CPU
		{38062E54-9C2A-4E26-9C30-062FE95937B9}.Release|Any CPU.Build.0 = Release|Any CPU
		{91B83EF0-ABD3-4270-A014-E36EFAF62D0C}.Debug|Any CPU.ActiveCfg = Debug|Any CPU
		{91B83EF0-ABD3-4270-A014-E36EFAF62D0C}.Debug|Any CPU.Build.0 = Debug|Any CPU
		{91B83EF0-ABD3-4270-A014-E36EFAF62D0C}.Release|Any CPU.ActiveCfg = Release|Any CPU
		{91B83EF0-ABD3-4270-A014-E36EFAF62D0C}.Release|Any CPU.Build.0 = Release|Any CPU
		{75D94A8E-03CC-4B9F-BE34-05827A541E37}.Debug|Any CPU.ActiveCfg = Debug|Any CPU
		{75D94A8E-03CC-4B9F-BE34-05827A541E37}.Debug|Any CPU.Build.0 = Debug|Any CPU
		{75D94A8E-03CC-4B9F-BE34-05827A541E37}.Release|Any CPU.ActiveCfg = Release|Any CPU
		{75D94A8E-03CC-4B9F-BE34-05827A541E37}.Release|Any CPU.Build.0 = Release|Any CPU
	EndGlobalSection
	GlobalSection(SolutionProperties) = preSolution
		HideSolutionNode = FALSE
	EndGlobalSection
	GlobalSection(NestedProjects) = preSolution
		{7CEE8EE4-0F8D-4D90-8D29-CDA047C971ED} = {7BE2DF46-34B9-4B3A-9AFA-10D9FE7A76DC}
		{043B3A6E-0301-4E7A-8E99-6A91655865B9} = {7BE2DF46-34B9-4B3A-9AFA-10D9FE7A76DC}
		{A0856DD1-92B6-4D63-B2C4-ECB6FFF3CCEC} = {7BE2DF46-34B9-4B3A-9AFA-10D9FE7A76DC}
		{10CB536C-4E1C-4F97-8D06-0EB9830A246D} = {7BE2DF46-34B9-4B3A-9AFA-10D9FE7A76DC}
		{83B231DE-406D-494E-AADF-C87922C1F734} = {5EECDCE4-2514-4DBE-8AD5-553E1E61CE43}
		{FCB6A1C9-A274-4456-B916-21D2B7D1385E} = {5EECDCE4-2514-4DBE-8AD5-553E1E61CE43}
		{9B7F2F58-3E85-4BEC-BC81-12D6E3397CE5} = {5EECDCE4-2514-4DBE-8AD5-553E1E61CE43}
		{0D71A4CD-D6AD-477C-832C-372E51641A79} = {5EECDCE4-2514-4DBE-8AD5-553E1E61CE43}
		{2DF4CAE8-72C7-482D-966F-E3F44253D9AF} = {5EECDCE4-2514-4DBE-8AD5-553E1E61CE43}
		{A614BF97-A8D0-46B7-BE37-AB5B37252383} = {7FEBEDA4-32F4-4C1A-AFE3-B5F0550ACA9A}
		{3D352444-8027-4360-9A3C-008E9E29545A} = {7FEBEDA4-32F4-4C1A-AFE3-B5F0550ACA9A}
		{BF4A91EB-B70D-4D98-9E17-DAB112142601} = {A5A48A3B-5928-4C2B-AE65-03605BE0E3E4}
		{F6BCBECB-73D0-4AAD-9181-562E92DE3CA4} = {97E08606-7489-49DB-BFB6-E8A6898E3AA0}
		{131FAC2D-BFE1-4BE0-A4EF-CA189A2229E4} = {97E08606-7489-49DB-BFB6-E8A6898E3AA0}
		{B6845BF0-352C-4C4F-AECE-F5040C026886} = {97E08606-7489-49DB-BFB6-E8A6898E3AA0}
		{6F6E9DB9-47C5-452C-8EA1-13146CD6A2B4} = {79EA1020-C22E-4B23-BA30-C4B97CF1DD08}
		{2DF0FEB2-DBF1-4DF9-95FE-F28CA557F068} = {79EA1020-C22E-4B23-BA30-C4B97CF1DD08}
		{C97E863F-771D-46A2-9115-8C85B5293CF6} = {2DF0FEB2-DBF1-4DF9-95FE-F28CA557F068}
		{00135030-C1F6-47F4-A382-D380AD475EA6} = {2DF0FEB2-DBF1-4DF9-95FE-F28CA557F068}
		{95C46579-F43B-48F4-8188-954B58397CE0} = {2DF0FEB2-DBF1-4DF9-95FE-F28CA557F068}
		{38062E54-9C2A-4E26-9C30-062FE95937B9} = {2DF0FEB2-DBF1-4DF9-95FE-F28CA557F068}
		{91B83EF0-ABD3-4270-A014-E36EFAF62D0C} = {2DF0FEB2-DBF1-4DF9-95FE-F28CA557F068}
		{75D94A8E-03CC-4B9F-BE34-05827A541E37} = {7BE2DF46-34B9-4B3A-9AFA-10D9FE7A76DC}
	EndGlobalSection
	GlobalSection(ExtensibilityGlobals) = postSolution
		SolutionGuid = {C9A16B05-B19C-40A4-BC14-6C15947D9C60}
	EndGlobalSection
EndGlobal
